# THIS IS AN AUTOGENERATED FILE. DO NOT EDIT THIS FILE DIRECTLY.
# yarn lockfile v1


"@types/unist@^2.0.0":
  version "2.0.6"
  resolved "https://registry.yarnpkg.com/@types/unist/-/unist-2.0.6.tgz#250a7b16c3b91f672a24552ec64678eeb1d3a08d"
  integrity sha512-PBjIUxZHOuj0R15/xuwJYjFi+KZdNFrehocChv4g5hu6aFroHue8m0lBP0POdK2nKzbw0cgV1mws8+V/JAcEkQ==

"@unified-latex/unified-latex-builder@^1.0.12":
  version "1.0.12"
  resolved "https://registry.yarnpkg.com/@unified-latex/unified-latex-builder/-/unified-latex-builder-1.0.12.tgz#07205a7c97b7b4a149ac20d762901af502c78686"
  integrity sha512-f4+LBorg1Yw8twz7RwdwKyR204S2Cm6+R8veIMH3jJ+ZlAihKacHY0ZtFs5fajyhEcs4ySkQ/ZnhGmEwHcOMyw==
  dependencies:
    "@unified-latex/unified-latex-types" "^1.0.12"

"@unified-latex/unified-latex-ctan@^1.0.12":
  version "1.0.12"
  resolved "https://registry.yarnpkg.com/@unified-latex/unified-latex-ctan/-/unified-latex-ctan-1.0.12.tgz#f3b1ec3ed2df065f1acf9cd2b52b9fda35d8f52c"
  integrity sha512-eYoNDFlfrMME8JIA6RJlglzmvUQd0PuOA39/yeoJxgKDSqPyMF55EHoZM9oysQ5QBC9/N4kK7UYwcCahGhz5dg==
  dependencies:
    "@unified-latex/unified-latex-builder" "^1.0.12"
    "@unified-latex/unified-latex-types" "^1.0.12"
    "@unified-latex/unified-latex-util-arguments" "^1.0.12"
    "@unified-latex/unified-latex-util-comments" "^1.0.12"
    "@unified-latex/unified-latex-util-match" "^1.0.12"
    "@unified-latex/unified-latex-util-pegjs" "^1.0.12"
    "@unified-latex/unified-latex-util-print-raw" "^1.0.12"
    "@unified-latex/unified-latex-util-render-info" "^1.0.12"
    "@unified-latex/unified-latex-util-split" "^1.0.12"
    "@unified-latex/unified-latex-util-trim" "^1.0.12"
    "@unified-latex/unified-latex-util-visit" "^1.0.12"
    color "^4.2.3"

"@unified-latex/unified-latex-prettier@^1.0.5":
  version "1.0.12"
  resolved "https://registry.yarnpkg.com/@unified-latex/unified-latex-prettier/-/unified-latex-prettier-1.0.12.tgz#f84286acf35483dcd12be0b967675162968dea59"
  integrity sha512-eHo22/bT7rNgHfH4z0KBj59ZSIiUHgE+JI/pVAgCzv/sn98Nq2f7Ghv8HCV3gR8wScTp23yUnYzlN8VKq2jOHg==
  dependencies:
    "@unified-latex/unified-latex-types" "^1.0.12"
    "@unified-latex/unified-latex-util-align" "^1.0.12"
    "@unified-latex/unified-latex-util-match" "^1.0.12"
    "@unified-latex/unified-latex-util-parse" "^1.0.12"
    "@unified-latex/unified-latex-util-pgfkeys" "^1.0.12"
    "@unified-latex/unified-latex-util-print-raw" "^1.0.12"
    "@unified-latex/unified-latex-util-trim" "^1.0.12"
    "@unified-latex/unified-latex-util-visit" "^1.0.12"
    prettier "^2.6.2"
    unified "^10.1.2"

"@unified-latex/unified-latex-types@^1.0.12":
  version "1.0.12"
  resolved "https://registry.yarnpkg.com/@unified-latex/unified-latex-types/-/unified-latex-types-1.0.12.tgz#ac9709f95439483dec2be780353b69a9eb849a01"
  integrity sha512-T9A8Xqngj3u2qUOMILXBpDYvEsdj1ttEwhZACpBm5RmxIbMACvED2hMNQCebWEUKz9Mdn/wAG/8XSybHpZ6uoA==

"@unified-latex/unified-latex-util-align@^1.0.12":
  version "1.0.12"
  resolved "https://registry.yarnpkg.com/@unified-latex/unified-latex-util-align/-/unified-latex-util-align-1.0.12.tgz#3fa2be733ccbf302eb2340feedc125812b3d3b12"
  integrity sha512-iphnUeA4LYYZnhkR0lBjRMRmraNYNfuEXMKHqRJrioSXhvgJg2wV+fv4eh+RQHAlL/EOfLi5BGt+m4TPDTWl2w==
  dependencies:
    "@unified-latex/unified-latex-types" "^1.0.12"
    "@unified-latex/unified-latex-util-match" "^1.0.12"
    "@unified-latex/unified-latex-util-pegjs" "^1.0.12"

"@unified-latex/unified-latex-util-argspec@^1.0.12":
  version "1.0.12"
  resolved "https://registry.yarnpkg.com/@unified-latex/unified-latex-util-argspec/-/unified-latex-util-argspec-1.0.12.tgz#0d38c5377ab10f0b64a3d6eedc4f9bffda4c7328"
  integrity sha512-fxCYGFf5nF7eKTmIH9cRZzP8ekq34LHpg6F3D/EgfhbTMIZvlp/AfBgL6tLZ3SlUkgSq11AK9sBNpXk9jt2C2A==
  dependencies:
    "@unified-latex/unified-latex-util-pegjs" "^1.0.12"

"@unified-latex/unified-latex-util-arguments@^1.0.12":
  version "1.0.12"
  resolved "https://registry.yarnpkg.com/@unified-latex/unified-latex-util-arguments/-/unified-latex-util-arguments-1.0.12.tgz#59fab8e115f59a82798d394a8616fbf552b223af"
  integrity sha512-kOsJTtHcaaITiz7kpVpmD50C6DvdcAWp6iNdByzQTpDcnYthQfHoCPZzklgIOWwStjnT1Xyq7+H0qyAVIlrmyw==
  dependencies:
    "@unified-latex/unified-latex-builder" "^1.0.12"
    "@unified-latex/unified-latex-types" "^1.0.12"
    "@unified-latex/unified-latex-util-argspec" "^1.0.12"
    "@unified-latex/unified-latex-util-match" "^1.0.12"
    "@unified-latex/unified-latex-util-render-info" "^1.0.12"
    "@unified-latex/unified-latex-util-visit" "^1.0.12"
    unified "^10.1.2"

"@unified-latex/unified-latex-util-comments@^1.0.12":
  version "1.0.12"
  resolved "https://registry.yarnpkg.com/@unified-latex/unified-latex-util-comments/-/unified-latex-util-comments-1.0.12.tgz#e26e391c7de044e700858852cd98b9761f5afbaa"
  integrity sha512-TRSuywrXOZALTsOTwlbEdyk5cqtsO6Wf5f6Og6jU33OKMEr1A+85zGs3cDOXclTw+9OyTWxT1dwjFqTcQTIgSA==
  dependencies:
    "@unified-latex/unified-latex-types" "^1.0.12"
    "@unified-latex/unified-latex-util-match" "^1.0.12"
    "@unified-latex/unified-latex-util-replace" "^1.0.12"

"@unified-latex/unified-latex-util-environments@^1.0.12":
  version "1.0.12"
  resolved "https://registry.yarnpkg.com/@unified-latex/unified-latex-util-environments/-/unified-latex-util-environments-1.0.12.tgz#1f8fd0ec6efeb8b3c5feb36077b4216837840085"
  integrity sha512-0cInjV74R0Y2v7ecU7yFP4AJNX1TTRZ/2m/B4GWocNTilxXb6r5nQJAnDXQipq7okc+c0iJLrEhW/zEeiT4cOQ==
  dependencies:
    "@unified-latex/unified-latex-types" "^1.0.12"
    "@unified-latex/unified-latex-util-arguments" "^1.0.12"
    "@unified-latex/unified-latex-util-match" "^1.0.12"
    "@unified-latex/unified-latex-util-print-raw" "^1.0.12"
    "@unified-latex/unified-latex-util-render-info" "^1.0.12"
    "@unified-latex/unified-latex-util-visit" "^1.0.12"
    unified "^10.1.2"

"@unified-latex/unified-latex-util-match@^1.0.12":
  version "1.0.12"
  resolved "https://registry.yarnpkg.com/@unified-latex/unified-latex-util-match/-/unified-latex-util-match-1.0.12.tgz#7e91032a8475779ed74d8b0d6d0fca88ebc54d82"
  integrity sha512-0hCm0r+GuvrwxnjzW07Xh0lbtyWfKuf8/wv1Asmi1SpE8mTJQt6NMMlNrTUIVJ0e8+0QNjbLg7372uTcXOzqKg==
  dependencies:
    "@unified-latex/unified-latex-types" "^1.0.12"
    "@unified-latex/unified-latex-util-print-raw" "^1.0.12"

"@unified-latex/unified-latex-util-parse@^1.0.12", "@unified-latex/unified-latex-util-parse@^1.0.5":
  version "1.0.12"
  resolved "https://registry.yarnpkg.com/@unified-latex/unified-latex-util-parse/-/unified-latex-util-parse-1.0.12.tgz#a5efb3771303db848fcb6018754f8d3098f1e236"
  integrity sha512-v8QUHDKLCgMU5GZ0ZCc4zBqwRhuSTTjx9N/LLC3lxXgzFPUICfq6geR1Y4WPUccaAWZqAclAh/dKrkFrlG165Q==
  dependencies:
    "@unified-latex/unified-latex-ctan" "^1.0.12"
    "@unified-latex/unified-latex-types" "^1.0.12"
    "@unified-latex/unified-latex-util-arguments" "^1.0.12"
    "@unified-latex/unified-latex-util-environments" "^1.0.12"
    "@unified-latex/unified-latex-util-match" "^1.0.12"
    "@unified-latex/unified-latex-util-pegjs" "^1.0.12"
    "@unified-latex/unified-latex-util-print-raw" "^1.0.12"
    "@unified-latex/unified-latex-util-trim" "^1.0.12"
    "@unified-latex/unified-latex-util-visit" "^1.0.12"
    unified "^10.1.2"

"@unified-latex/unified-latex-util-pegjs@^1.0.12":
  version "1.0.12"
  resolved "https://registry.yarnpkg.com/@unified-latex/unified-latex-util-pegjs/-/unified-latex-util-pegjs-1.0.12.tgz#6bedb52759aeb742cbcbf85b8fb3c4fedcebf888"
  integrity sha512-AOYnKFnpL2leh7Kd5MA2LWGBqVKI8xaTM3MXO/yOTHN0qH9kx5Rg0Sk7JWHCEEFRb1fY4pMlHTl8aIBHhxdUcg==
  dependencies:
    "@unified-latex/unified-latex-types" "^1.0.12"
    "@unified-latex/unified-latex-util-match" "^1.0.12"

"@unified-latex/unified-latex-util-pgfkeys@^1.0.12":
  version "1.0.12"
  resolved "https://registry.yarnpkg.com/@unified-latex/unified-latex-util-pgfkeys/-/unified-latex-util-pgfkeys-1.0.12.tgz#ca525fefd0786589118abdc96693aee8aee7adfb"
  integrity sha512-eKjtH1Ic6VY2drIZd3L5awKVPc+X9P/8yBZbqkUL5L0UZT66AAHOp1OXLZyymK99NfbaCRrjYe0EUr2W+k8xFg==
  dependencies:
    "@unified-latex/unified-latex-types" "^1.0.12"
    "@unified-latex/unified-latex-util-match" "^1.0.12"
    "@unified-latex/unified-latex-util-pegjs" "^1.0.12"
    "@unified-latex/unified-latex-util-print-raw" "^1.0.12"

"@unified-latex/unified-latex-util-print-raw@^1.0.12", "@unified-latex/unified-latex-util-print-raw@^1.0.5":
  version "1.0.12"
  resolved "https://registry.yarnpkg.com/@unified-latex/unified-latex-util-print-raw/-/unified-latex-util-print-raw-1.0.12.tgz#4bac3780d928de75c5648da5f2d9f5003c9a7164"
  integrity sha512-74xxGcmxWMkg4K3eQujXl3Ug/b7WnQbrFpG0Hqw43CBaNqcOyVaT6Y2SNC5fOSTnPkhDo0JQLrHWK4/6r6XLng==
  dependencies:
    "@unified-latex/unified-latex-types" "^1.0.12"

"@unified-latex/unified-latex-util-render-info@^1.0.12":
  version "1.0.12"
  resolved "https://registry.yarnpkg.com/@unified-latex/unified-latex-util-render-info/-/unified-latex-util-render-info-1.0.12.tgz#a4c0c850e608a0ba915d7716cc39cd035603c1f1"
  integrity sha512-zFfvKJNTjVmJwZkTQXXufwyPHpkWLfE9k6GlNIJ7JjnX5tIj4x/WzxJpOYy7eWxYtoFRWvsvub1R+0lpO8YlCg==
  dependencies:
    "@unified-latex/unified-latex-types" "^1.0.12"
    "@unified-latex/unified-latex-util-visit" "^1.0.12"

"@unified-latex/unified-latex-util-replace@^1.0.12":
  version "1.0.12"
  resolved "https://registry.yarnpkg.com/@unified-latex/unified-latex-util-replace/-/unified-latex-util-replace-1.0.12.tgz#7fa3f55271ec0abd2a1c6e5676ffa360bf10964f"
  integrity sha512-bwMG7rJ8LcM6uxYdqJC3l3jYu3iZxxTVAsQS4vDrdMbEcfPTC+T2GR/IExtcIhp4vx5orS4i7pwZKFKs56s0BA==
  dependencies:
    "@unified-latex/unified-latex-types" "^1.0.12"
    "@unified-latex/unified-latex-util-match" "^1.0.12"
    "@unified-latex/unified-latex-util-split" "^1.0.12"
    "@unified-latex/unified-latex-util-trim" "^1.0.12"
    "@unified-latex/unified-latex-util-visit" "^1.0.12"
    unified "^10.1.2"

"@unified-latex/unified-latex-util-split@^1.0.12":
  version "1.0.12"
  resolved "https://registry.yarnpkg.com/@unified-latex/unified-latex-util-split/-/unified-latex-util-split-1.0.12.tgz#1f8e3cccbf4569c932f35f827159b4151a02a2b9"
  integrity sha512-KDKb5xhJNee8iMpxWmYKML62uLNY6tfTNlYF+ugkQ1HdyctAWdCsCptky5MVAk2lGfRmi3S1mJ79XZACsoGaPA==
  dependencies:
    "@unified-latex/unified-latex-types" "^1.0.12"
    "@unified-latex/unified-latex-util-match" "^1.0.12"

"@unified-latex/unified-latex-util-trim@^1.0.12":
  version "1.0.12"
  resolved "https://registry.yarnpkg.com/@unified-latex/unified-latex-util-trim/-/unified-latex-util-trim-1.0.12.tgz#65ccc0e20b6427dd279f9de26a0f8ce73ad4bac2"
  integrity sha512-YLXtMpWPjvJY5YyAFNHih++YhcsJM5OaMyKK+L3B0hHS6u63XwZ0gLrKlx4BTsWUJO/Yrfo/JLZj/gLmzCQlng==
  dependencies:
    "@unified-latex/unified-latex-types" "^1.0.12"
    "@unified-latex/unified-latex-util-match" "^1.0.12"
    "@unified-latex/unified-latex-util-visit" "^1.0.12"
    unified "^10.1.2"

"@unified-latex/unified-latex-util-visit@^1.0.12":
  version "1.0.12"
  resolved "https://registry.yarnpkg.com/@unified-latex/unified-latex-util-visit/-/unified-latex-util-visit-1.0.12.tgz#182d314cd8ee475820526c08d4575bd171c958d8"
  integrity sha512-vTxOQPblsfmUA82gpfOacgbFfASb0H6DuDA+Y0GbBC0LU2nqTi29syQTgA66ScSg43VcQHEphCSN7RQr3mtoxQ==
  dependencies:
    "@unified-latex/unified-latex-types" "^1.0.12"
    "@unified-latex/unified-latex-util-match" "^1.0.12"

bail@^2.0.0:
  version "2.0.2"
  resolved "https://registry.yarnpkg.com/bail/-/bail-2.0.2.tgz#d26f5cd8fe5d6f832a31517b9f7c356040ba6d5d"
  integrity sha512-0xO6mYd7JB2YesxDKplafRpsiOzPt9V02ddPCLbY1xYGPOX24NTyN50qnUxgCPcSoYMhKpAuBTjQoRZCAkUDRw==

color-convert@^2.0.1:
  version "2.0.1"
  resolved "https://registry.yarnpkg.com/color-convert/-/color-convert-2.0.1.tgz#72d3a68d598c9bdb3af2ad1e84f21d896abd4de3"
  integrity sha512-RRECPsj7iu/xb5oKYcsFHSppFNnsj/52OVTRKb4zP5onXwVF3zVmmToNcOfGC+CRDpfK/U584fMg38ZHCaElKQ==
  dependencies:
    color-name "~1.1.4"

color-name@^1.0.0, color-name@~1.1.4:
  version "1.1.4"
  resolved "https://registry.yarnpkg.com/color-name/-/color-name-1.1.4.tgz#c2a09a87acbde69543de6f63fa3995c826c536a2"
  integrity sha512-dOy+3AuW3a2wNbZHIuMZpTcgjGuLU/uBL/ubcZF9OXbDo8ff4O8yVp5Bf0efS8uEoYo5q4Fx7dY9OgQGXgAsQA==

color-string@^1.9.0:
  version "1.9.1"
  resolved "https://registry.yarnpkg.com/color-string/-/color-string-1.9.1.tgz#4467f9146f036f855b764dfb5bf8582bf342c7a4"
  integrity sha512-shrVawQFojnZv6xM40anx4CkoDP+fZsw/ZerEMsW/pyzsRbElpsL/DBVW7q3ExxwusdNXI3lXpuhEZkzs8p5Eg==
  dependencies:
    color-name "^1.0.0"
    simple-swizzle "^0.2.2"

color@^4.2.3:
  version "4.2.3"
  resolved "https://registry.yarnpkg.com/color/-/color-4.2.3.tgz#d781ecb5e57224ee43ea9627560107c0e0c6463a"
  integrity sha512-1rXeuUUiGGrykh+CeBdu5Ie7OJwinCgQY0bc7GCRxy5xVHy+moaqkpL/jqQq0MtQOeYcrqEz4abc5f0KtU7W4A==
  dependencies:
    color-convert "^2.0.1"
    color-string "^1.9.0"

extend@^3.0.0:
  version "3.0.2"
  resolved "https://registry.yarnpkg.com/extend/-/extend-3.0.2.tgz#f8b1136b4071fbd8eb140aff858b1019ec2915fa"
  integrity sha512-fjquC59cD7CyW6urNXK0FBufkZcoiGG80wTuPujX590cB5Ttln20E2UB4S/WARVqhXffZl2LNgS+gQdPIIim/g==

is-arrayish@^0.3.1:
  version "0.3.2"
  resolved "https://registry.yarnpkg.com/is-arrayish/-/is-arrayish-0.3.2.tgz#4574a2ae56f7ab206896fb431eaeed066fdf8f03"
  integrity sha512-eVRqCvVlZbuw3GrM63ovNSNAeA1K16kaR/LRY/92w0zxQ5/1YzwblUX652i4Xs9RwAGjW9d9y6X88t8OaAJfWQ==

is-buffer@^2.0.0:
  version "2.0.5"
  resolved "https://registry.yarnpkg.com/is-buffer/-/is-buffer-2.0.5.tgz#ebc252e400d22ff8d77fa09888821a24a658c191"
  integrity sha512-i2R6zNFDwgEHJyQUtJEk0XFi1i0dPFn/oqjK3/vPCcDeJvW5NQ83V8QbicfF1SupOaB0h8ntgBC2YiE7dfyctQ==

is-plain-obj@^4.0.0:
  version "4.1.0"
  resolved "https://registry.yarnpkg.com/is-plain-obj/-/is-plain-obj-4.1.0.tgz#d65025edec3657ce032fd7db63c97883eaed71f0"
  integrity sha512-+Pgi+vMuUNkJyExiMBt5IlFoMyKnr5zhJ4Uspz58WOhBF5QoIZkFyNHIbBAtHwzVAgk5RtndVNsDRN61/mmDqg==

prettier-plugin-latex@^1.2.4:
  version "1.2.4"
  resolved "https://registry.yarnpkg.com/prettier-plugin-latex/-/prettier-plugin-latex-1.2.4.tgz#df3eb70bec7fcc8a8b186e98c8518b071dfb1fd9"
  integrity sha512-FY83lz01385CK+cW4pC642oftuo1fqXRfyOoszEIno3ZwRqCeUTPb6gMX2ARse3xrvaua9FTY4q6v8l/h6DUGQ==
  dependencies:
    "@unified-latex/unified-latex-prettier" "^1.0.5"
    "@unified-latex/unified-latex-util-parse" "^1.0.5"
    "@unified-latex/unified-latex-util-print-raw" "^1.0.5"
    prettier "^2.6.2"

prettier@^2.6.2, prettier@^2.7.1:
  version "2.7.1"
  resolved "https://registry.yarnpkg.com/prettier/-/prettier-2.7.1.tgz#e235806850d057f97bb08368a4f7d899f7760c64"
  integrity sha512-ujppO+MkdPqoVINuDFDRLClm7D78qbDt0/NR+wp5FqEZOoTNAjPHWj17QRhu7geIHJfcNhRk1XVQmF8Bp3ye+g==

simple-swizzle@^0.2.2:
  version "0.2.2"
  resolved "https://registry.yarnpkg.com/simple-swizzle/-/simple-swizzle-0.2.2.tgz#a4da6b635ffcccca33f70d17cb92592de95e557a"
  integrity sha512-JA//kQgZtbuY83m+xT+tXJkmJncGMTFT+C+g2h2R9uxkYIrE2yy9sgmcLhCnw57/WSD+Eh3J97FPEDFnbXnDUg==
  dependencies:
    is-arrayish "^0.3.1"

trough@^2.0.0:
  version "2.1.0"
  resolved "https://registry.yarnpkg.com/trough/-/trough-2.1.0.tgz#0f7b511a4fde65a46f18477ab38849b22c554876"
  integrity sha512-AqTiAOLcj85xS7vQ8QkAV41hPDIJ71XJB4RCUrzo/1GM2CQwhkJGaf9Hgr7BOugMRpgGUrqRg/DrBDl4H40+8g==

unified@^10.1.2:
  version "10.1.2"
  resolved "https://registry.yarnpkg.com/unified/-/unified-10.1.2.tgz#b1d64e55dafe1f0b98bb6c719881103ecf6c86df"
  integrity sha512-pUSWAi/RAnVy1Pif2kAoeWNBa3JVrx0MId2LASj8G+7AiHWoKZNTomq6LG326T68U7/e263X6fTdcXIy7XnF7Q==
  dependencies:
    "@types/unist" "^2.0.0"
    bail "^2.0.0"
    extend "^3.0.0"
    is-buffer "^2.0.0"
    is-plain-obj "^4.0.0"
    trough "^2.0.0"
    vfile "^5.0.0"

unist-util-stringify-position@^3.0.0:
  version "3.0.2"
  resolved "https://registry.yarnpkg.com/unist-util-stringify-position/-/unist-util-stringify-position-3.0.2.tgz#5c6aa07c90b1deffd9153be170dce628a869a447"
  integrity sha512-7A6eiDCs9UtjcwZOcCpM4aPII3bAAGv13E96IkawkOAW0OhH+yRxtY0lzo8KiHpzEMfH7Q+FizUmwp8Iqy5EWg==
  dependencies:
    "@types/unist" "^2.0.0"

vfile-message@^3.0.0:
  version "3.1.2"
  resolved "https://registry.yarnpkg.com/vfile-message/-/vfile-message-3.1.2.tgz#a2908f64d9e557315ec9d7ea3a910f658ac05f7d"
  integrity sha512-QjSNP6Yxzyycd4SVOtmKKyTsSvClqBPJcd00Z0zuPj3hOIjg0rUPG6DbFGPvUKRgYyaIWLPKpuEclcuvb3H8qA==
  dependencies:
    "@types/unist" "^2.0.0"
    unist-util-stringify-position "^3.0.0"

vfile@^5.0.0:
  version "5.3.5"
  resolved "https://registry.yarnpkg.com/vfile/-/vfile-5.3.5.tgz#ec2e206b1414f561c85b7972bb1eeda8ab47ee61"
  integrity sha512-U1ho2ga33eZ8y8pkbQLH54uKqGhFJ6GYIHnnG5AhRpAh3OWjkrRHKa/KogbmQn8We+c0KVV3rTOgR9V/WowbXQ==
  dependencies:
    "@types/unist" "^2.0.0"
    is-buffer "^2.0.0"
    unist-util-stringify-position "^3.0.0"
    vfile-message "^3.0.0"
